// !$*UTF8*$!
{
	archiveVersion = 1;
	classes = {
	};
	objectVersion = 48;
	objects = {

/* Begin PBXBuildFile section */
		9C20B2991F993C2F0051585D /* UserStoryTableViewController.swift in Sources */ = {isa = PBXBuildFile; fileRef = 9C20B2981F993C2F0051585D /* UserStoryTableViewController.swift */; };
		9CF4CF941F952475002E5EE8 /* AppDelegate.swift in Sources */ = {isa = PBXBuildFile; fileRef = 9CF4CF931F952475002E5EE8 /* AppDelegate.swift */; };
		9CF4CF991F952475002E5EE8 /* Main.storyboard in Resources */ = {isa = PBXBuildFile; fileRef = 9CF4CF971F952475002E5EE8 /* Main.storyboard */; };
		9CF4CF9B1F952475002E5EE8 /* Assets.xcassets in Resources */ = {isa = PBXBuildFile; fileRef = 9CF4CF9A1F952475002E5EE8 /* Assets.xcassets */; };
		9CF4CF9E1F952475002E5EE8 /* LaunchScreen.storyboard in Resources */ = {isa = PBXBuildFile; fileRef = 9CF4CF9C1F952475002E5EE8 /* LaunchScreen.storyboard */; };
		9CF4CFC41F95288F002E5EE8 /* LoginFormController.swift in Sources */ = {isa = PBXBuildFile; fileRef = 9CF4CFC31F95288F002E5EE8 /* LoginFormController.swift */; };
/* End PBXBuildFile section */

/* Begin PBXContainerItemProxy section */
		9CF4CFA51F952475002E5EE8 /* PBXContainerItemProxy */ = {
			isa = PBXContainerItemProxy;
			containerPortal = 9CF4CF881F952475002E5EE8 /* Project object */;
			proxyType = 1;
			remoteGlobalIDString = 9CF4CF8F1F952475002E5EE8;
			remoteInfo = VK;
		};
		9CF4CFB01F952475002E5EE8 /* PBXContainerItemProxy */ = {
			isa = PBXContainerItemProxy;
			containerPortal = 9CF4CF881F952475002E5EE8 /* Project object */;
			proxyType = 1;
			remoteGlobalIDString = 9CF4CF8F1F952475002E5EE8;
			remoteInfo = VK;
		};
/* End PBXContainerItemProxy section */

/* Begin PBXFileReference section */
		9C20B2981F993C2F0051585D /* UserStoryTableViewController.swift */ = {isa = PBXFileReference; lastKnownFileType = sourcecode.swift; path = UserStoryTableViewController.swift; sourceTree = "<group>"; };
		9CF4CF901F952475002E5EE8 /* VK_NikitaBokov.app */ = {isa = PBXFileReference; explicitFileType = wrapper.application; includeInIndex = 0; path = VK_NikitaBokov.app; sourceTree = BUILT_PRODUCTS_DIR; };
		9CF4CF931F952475002E5EE8 /* AppDelegate.swift */ = {isa = PBXFileReference; lastKnownFileType = sourcecode.swift; path = AppDelegate.swift; sourceTree = "<group>"; };
		9CF4CF981F952475002E5EE8 /* Base */ = {isa = PBXFileReference; lastKnownFileType = file.storyboard; name = Base; path = Base.lproj/Main.storyboard; sourceTree = "<group>"; };
		9CF4CF9A1F952475002E5EE8 /* Assets.xcassets */ = {isa = PBXFileReference; lastKnownFileType = folder.assetcatalog; path = Assets.xcassets; sourceTree = "<group>"; };
		9CF4CF9D1F952475002E5EE8 /* Base */ = {isa = PBXFileReference; lastKnownFileType = file.storyboard; name = Base; path = Base.lproj/LaunchScreen.storyboard; sourceTree = "<group>"; };
		9CF4CF9F1F952475002E5EE8 /* Info.plist */ = {isa = PBXFileReference; lastKnownFileType = text.plist.xml; path = Info.plist; sourceTree = "<group>"; };
		9CF4CFA41F952475002E5EE8 /* VK_NikitaBokovTests.xctest */ = {isa = PBXFileReference; explicitFileType = wrapper.cfbundle; includeInIndex = 0; path = VK_NikitaBokovTests.xctest; sourceTree = BUILT_PRODUCTS_DIR; };
		9CF4CFAF1F952475002E5EE8 /* VK_NikitaBokovUITests.xctest */ = {isa = PBXFileReference; explicitFileType = wrapper.cfbundle; includeInIndex = 0; path = VK_NikitaBokovUITests.xctest; sourceTree = BUILT_PRODUCTS_DIR; };
		9CF4CFC31F95288F002E5EE8 /* LoginFormController.swift */ = {isa = PBXFileReference; lastKnownFileType = sourcecode.swift; path = LoginFormController.swift; sourceTree = "<group>"; };
/* End PBXFileReference section */

/* Begin PBXFrameworksBuildPhase section */
		9CF4CF8D1F952475002E5EE8 /* Frameworks */ = {
			isa = PBXFrameworksBuildPhase;
			buildActionMask = 2147483647;
			files = (
			);
			runOnlyForDeploymentPostprocessing = 0;
		};
		9CF4CFA11F952475002E5EE8 /* Frameworks */ = {
			isa = PBXFrameworksBuildPhase;
			buildActionMask = 2147483647;
			files = (
			);
			runOnlyForDeploymentPostprocessing = 0;
		};
		9CF4CFAC1F952475002E5EE8 /* Frameworks */ = {
			isa = PBXFrameworksBuildPhase;
			buildActionMask = 2147483647;
			files = (
			);
			runOnlyForDeploymentPostprocessing = 0;
		};
/* End PBXFrameworksBuildPhase section */

/* Begin PBXGroup section */
		9CF4CF871F952475002E5EE8 = {
			isa = PBXGroup;
			children = (
				9CF4CF921F952475002E5EE8 /* VK */,
				9CF4CF911F952475002E5EE8 /* Products */,
			);
			sourceTree = "<group>";
		};
		9CF4CF911F952475002E5EE8 /* Products */ = {
			isa = PBXGroup;
			children = (
				9CF4CF901F952475002E5EE8 /* VK_NikitaBokov.app */,
				9CF4CFA41F952475002E5EE8 /* VK_NikitaBokovTests.xctest */,
				9CF4CFAF1F952475002E5EE8 /* VK_NikitaBokovUITests.xctest */,
			);
			name = Products;
			sourceTree = "<group>";
		};
		9CF4CF921F952475002E5EE8 /* VK */ = {
			isa = PBXGroup;
			children = (
				9CF4CF931F952475002E5EE8 /* AppDelegate.swift */,
				9CF4CF971F952475002E5EE8 /* Main.storyboard */,
				9CF4CF9A1F952475002E5EE8 /* Assets.xcassets */,
				9CF4CF9C1F952475002E5EE8 /* LaunchScreen.storyboard */,
				9CF4CF9F1F952475002E5EE8 /* Info.plist */,
				9CF4CFC31F95288F002E5EE8 /* LoginFormController.swift */,
				9C20B2981F993C2F0051585D /* UserStoryTableViewController.swift */,
			);
			path = VK;
			sourceTree = "<group>";
		};
/* End PBXGroup section */

/* Begin PBXNativeTarget section */
		9CF4CF8F1F952475002E5EE8 /* VK_NikitaBokov */ = {
			isa = PBXNativeTarget;
			buildConfigurationList = 9CF4CFB81F952475002E5EE8 /* Build configuration list for PBXNativeTarget "VK_NikitaBokov" */;
			buildPhases = (
				9CF4CF8C1F952475002E5EE8 /* Sources */,
				9CF4CF8D1F952475002E5EE8 /* Frameworks */,
				9CF4CF8E1F952475002E5EE8 /* Resources */,
			);
			buildRules = (
			);
			dependencies = (
			);
			name = VK_NikitaBokov;
			productName = VK;
			productReference = 9CF4CF901F952475002E5EE8 /* VK_NikitaBokov.app */;
			productType = "com.apple.product-type.application";
		};
		9CF4CFA31F952475002E5EE8 /* VK_NikitaBokovTests */ = {
			isa = PBXNativeTarget;
			buildConfigurationList = 9CF4CFBB1F952475002E5EE8 /* Build configuration list for PBXNativeTarget "VK_NikitaBokovTests" */;
			buildPhases = (
				9CF4CFA01F952475002E5EE8 /* Sources */,
				9CF4CFA11F952475002E5EE8 /* Frameworks */,
				9CF4CFA21F952475002E5EE8 /* Resources */,
			);
			buildRules = (
			);
			dependencies = (
				9CF4CFA61F952475002E5EE8 /* PBXTargetDependency */,
			);
			name = VK_NikitaBokovTests;
			productName = VKTests;
			productReference = 9CF4CFA41F952475002E5EE8 /* VK_NikitaBokovTests.xctest */;
			productType = "com.apple.product-type.bundle.unit-test";
		};
		9CF4CFAE1F952475002E5EE8 /* VK_NikitaBokovUITests */ = {
			isa = PBXNativeTarget;
			buildConfigurationList = 9CF4CFBE1F952475002E5EE8 /* Build configuration list for PBXNativeTarget "VK_NikitaBokovUITests" */;
			buildPhases = (
				9CF4CFAB1F952475002E5EE8 /* Sources */,
				9CF4CFAC1F952475002E5EE8 /* Frameworks */,
				9CF4CFAD1F952475002E5EE8 /* Resources */,
			);
			buildRules = (
			);
			dependencies = (
				9CF4CFB11F952475002E5EE8 /* PBXTargetDependency */,
			);
			name = VK_NikitaBokovUITests;
			productName = VKUITests;
			productReference = 9CF4CFAF1F952475002E5EE8 /* VK_NikitaBokovUITests.xctest */;
			productType = "com.apple.product-type.bundle.ui-testing";
		};
/* End PBXNativeTarget section */

/* Begin PBXProject section */
		9CF4CF881F952475002E5EE8 /* Project object */ = {
			isa = PBXProject;
			attributes = {
				LastSwiftUpdateCheck = 0900;
				LastUpgradeCheck = 0900;
				ORGANIZATIONNAME = "Боков Никита";
				TargetAttributes = {
					9CF4CF8F1F952475002E5EE8 = {
						CreatedOnToolsVersion = 9.0;
						ProvisioningStyle = Automatic;
					};
					9CF4CFA31F952475002E5EE8 = {
						CreatedOnToolsVersion = 9.0;
						ProvisioningStyle = Automatic;
						TestTargetID = 9CF4CF8F1F952475002E5EE8;
					};
					9CF4CFAE1F952475002E5EE8 = {
						CreatedOnToolsVersion = 9.0;
						ProvisioningStyle = Automatic;
						TestTargetID = 9CF4CF8F1F952475002E5EE8;
					};
				};
			};
			buildConfigurationList = 9CF4CF8B1F952475002E5EE8 /* Build configuration list for PBXProject "VK_NikitaBokov" */;
			compatibilityVersion = "Xcode 8.0";
			developmentRegion = en;
			hasScannedForEncodings = 0;
			knownRegions = (
				en,
				Base,
			);
			mainGroup = 9CF4CF871F952475002E5EE8;
			productRefGroup = 9CF4CF911F952475002E5EE8 /* Products */;
			projectDirPath = "";
			projectRoot = "";
			targets = (
				9CF4CF8F1F952475002E5EE8 /* VK_NikitaBokov */,
				9CF4CFA31F952475002E5EE8 /* VK_NikitaBokovTests */,
				9CF4CFAE1F952475002E5EE8 /* VK_NikitaBokovUITests */,
			);
		};
/* End PBXProject section */

/* Begin PBXResourcesBuildPhase section */
		9CF4CF8E1F952475002E5EE8 /* Resources */ = {
			isa = PBXResourcesBuildPhase;
			buildActionMask = 2147483647;
			files = (
				9CF4CF9E1F952475002E5EE8 /* LaunchScreen.storyboard in Resources */,
				9CF4CF9B1F952475002E5EE8 /* Assets.xcassets in Resources */,
				9CF4CF991F952475002E5EE8 /* Main.storyboard in Resources */,
			);
			runOnlyForDeploymentPostprocessing = 0;
		};
		9CF4CFA21F952475002E5EE8 /* Resources */ = {
			isa = PBXResourcesBuildPhase;
			buildActionMask = 2147483647;
			files = (
			);
			runOnlyForDeploymentPostprocessing = 0;
		};
		9CF4CFAD1F952475002E5EE8 /* Resources */ = {
			isa = PBXResourcesBuildPhase;
			buildActionMask = 2147483647;
			files = (
			);
			runOnlyForDeploymentPostprocessing = 0;
		};
/* End PBXResourcesBuildPhase section */

/* Begin PBXSourcesBuildPhase section */
		9CF4CF8C1F952475002E5EE8 /* Sources */ = {
			isa = PBXSourcesBuildPhase;
			buildActionMask = 2147483647;
			files = (
				9CF4CF941F952475002E5EE8 /* AppDelegate.swift in Sources */,
				9C20B2991F993C2F0051585D /* UserStoryTableViewController.swift in Sources */,
				9CF4CFC41F95288F002E5EE8 /* LoginFormController.swift in Sources */,
			);
			runOnlyForDeploymentPostprocessing = 0;
		};
		9CF4CFA01F952475002E5EE8 /* Sources */ = {
			isa = PBXSourcesBuildPhase;
			buildActionMask = 2147483647;
			files = (
			);
			runOnlyForDeploymentPostprocessing = 0;
		};
		9CF4CFAB1F952475002E5EE8 /* Sources */ = {
			isa = PBXSourcesBuildPhase;
			buildActionMask = 2147483647;
			files = (
			);
			runOnlyForDeploymentPostprocessing = 0;
		};
/* End PBXSourcesBuildPhase section */

/* Begin PBXTargetDependency section */
		9CF4CFA61F952475002E5EE8 /* PBXTargetDependency */ = {
			isa = PBXTargetDependency;
			target = 9CF4CF8F1F952475002E5EE8 /* VK_NikitaBokov */;
			targetProxy = 9CF4CFA51F952475002E5EE8 /* PBXContainerItemProxy */;
		};
		9CF4CFB11F952475002E5EE8 /* PBXTargetDependency */ = {
			isa = PBXTargetDependency;
			target = 9CF4CF8F1F952475002E5EE8 /* VK_NikitaBokov */;
			targetProxy = 9CF4CFB01F952475002E5EE8 /* PBXContainerItemProxy */;
		};
/* End PBXTargetDependency section */

/* Begin PBXVariantGroup section */
		9CF4CF971F952475002E5EE8 /* Main.storyboard */ = {
			isa = PBXVariantGroup;
			children = (
				9CF4CF981F952475002E5EE8 /* Base */,
			);
			name = Main.storyboard;
			sourceTree = "<group>";
		};
		9CF4CF9C1F952475002E5EE8 /* LaunchScreen.storyboard */ = {
			isa = PBXVariantGroup;
			children = (
				9CF4CF9D1F952475002E5EE8 /* Base */,
			);
			name = LaunchScreen.storyboard;
			sourceTree = "<group>";
		};
/* End PBXVariantGroup section */

/* Begin XCBuildConfiguration section */
		9CF4CFB61F952475002E5EE8 /* Debug */ = {
			isa = XCBuildConfiguration;
			buildSettings = {
				ALWAYS_SEARCH_USER_PATHS = NO;
				CLANG_ANALYZER_NONNULL = YES;
				CLANG_ANALYZER_NUMBER_OBJECT_CONVERSION = YES_AGGRESSIVE;
				CLANG_CXX_LANGUAGE_STANDARD = "gnu++14";
				CLANG_CXX_LIBRARY = "libc++";
				CLANG_ENABLE_MODULES = YES;
				CLANG_ENABLE_OBJC_ARC = YES;
				CLANG_WARN_BLOCK_CAPTURE_AUTORELEASING = YES;
				CLANG_WARN_BOOL_CONVERSION = YES;
				CLANG_WARN_COMMA = YES;
				CLANG_WARN_CONSTANT_CONVERSION = YES;
				CLANG_WARN_DIRECT_OBJC_ISA_USAGE = YES_ERROR;
				CLANG_WARN_DOCUMENTATION_COMMENTS = YES;
				CLANG_WARN_EMPTY_BODY = YES;
				CLANG_WARN_ENUM_CONVERSION = YES;
				CLANG_WARN_INFINITE_RECURSION = YES;
				CLANG_WARN_INT_CONVERSION = YES;
				CLANG_WARN_NON_LITERAL_NULL_CONVERSION = YES;
				CLANG_WARN_OBJC_LITERAL_CONVERSION = YES;
				CLANG_WARN_OBJC_ROOT_CLASS = YES_ERROR;
				CLANG_WARN_RANGE_LOOP_ANALYSIS = YES;
				CLANG_WARN_STRICT_PROTOTYPES = YES;
				CLANG_WARN_SUSPICIOUS_MOVE = YES;
				CLANG_WARN_UNGUARDED_AVAILABILITY = YES_AGGRESSIVE;
				CLANG_WARN_UNREACHABLE_CODE = YES;
				CLANG_WARN__DUPLICATE_METHOD_MATCH = YES;
				CODE_SIGN_IDENTITY = "iPhone Developer";
				COPY_PHASE_STRIP = NO;
				DEBUG_INFORMATION_FORMAT = dwarf;
				ENABLE_STRICT_OBJC_MSGSEND = YES;
				ENABLE_TESTABILITY = YES;
				GCC_C_LANGUAGE_STANDARD = gnu11;
				GCC_DYNAMIC_NO_PIC = NO;
				GCC_NO_COMMON_BLOCKS = YES;
				GCC_OPTIMIZATION_LEVEL = 0;
				GCC_PREPROCESSOR_DEFINITIONS = (
					"DEBUG=1",
					"$(inherited)",
				);
				GCC_WARN_64_TO_32_BIT_CONVERSION = YES;
				GCC_WARN_ABOUT_RETURN_TYPE = YES_ERROR;
				GCC_WARN_UNDECLARED_SELECTOR = YES;
				GCC_WARN_UNINITIALIZED_AUTOS = YES_AGGRESSIVE;
				GCC_WARN_UNUSED_FUNCTION = YES;
				GCC_WARN_UNUSED_VARIABLE = YES;
				IPHONEOS_DEPLOYMENT_TARGET = 11.0;
				MTL_ENABLE_DEBUG_INFO = YES;
				ONLY_ACTIVE_ARCH = YES;
				SDKROOT = iphoneos;
				SWIFT_ACTIVE_COMPILATION_CONDITIONS = DEBUG;
				SWIFT_OPTIMIZATION_LEVEL = "-Onone";
			};
			name = Debug;
		};
		9CF4CFB71F952475002E5EE8 /* Release */ = {
			isa = XCBuildConfiguration;
			buildSettings = {
				ALWAYS_SEARCH_USER_PATHS = NO;
				CLANG_ANALYZER_NONNULL = YES;
				CLANG_ANALYZER_NUMBER_OBJECT_CONVERSION = YES_AGGRESSIVE;
				CLANG_CXX_LANGUAGE_STANDARD = "gnu++14";
				CLANG_CXX_LIBRARY = "libc++";
				CLANG_ENABLE_MODULES = YES;
				CLANG_ENABLE_OBJC_ARC = YES;
				CLANG_WARN_BLOCK_CAPTURE_AUTORELEASING = YES;
				CLANG_WARN_BOOL_CONVERSION = YES;
				CLANG_WARN_COMMA = YES;
				CLANG_WARN_CONSTANT_CONVERSION = YES;
				CLANG_WARN_DIRECT_OBJC_ISA_USAGE = YES_ERROR;
				CLANG_WARN_DOCUMENTATION_COMMENTS = YES;
				CLANG_WARN_EMPTY_BODY = YES;
				CLANG_WARN_ENUM_CONVERSION = YES;
				CLANG_WARN_INFINITE_RECURSION = YES;
				CLANG_WARN_INT_CONVERSION = YES;
				CLANG_WARN_NON_LITERAL_NULL_CONVERSION = YES;
				CLANG_WARN_OBJC_LITERAL_CONVERSION = YES;
				CLANG_WARN_OBJC_ROOT_CLASS = YES_ERROR;
				CLANG_WARN_RANGE_LOOP_ANALYSIS = YES;
				CLANG_WARN_STRICT_PROTOTYPES = YES;
				CLANG_WARN_SUSPICIOUS_MOVE = YES;
				CLANG_WARN_UNGUARDED_AVAILABILITY = YES_AGGRESSIVE;
				CLANG_WARN_UNREACHABLE_CODE = YES;
				CLANG_WARN__DUPLICATE_METHOD_MATCH = YES;
				CODE_SIGN_IDENTITY = "iPhone Developer";
				COPY_PHASE_STRIP = NO;
				DEBUG_INFORMATION_FORMAT = "dwarf-with-dsym";
				ENABLE_NS_ASSERTIONS = NO;
				ENABLE_STRICT_OBJC_MSGSEND = YES;
				GCC_C_LANGUAGE_STANDARD = gnu11;
				GCC_NO_COMMON_BLOCKS = YES;
				GCC_WARN_64_TO_32_BIT_CONVERSION = YES;
				GCC_WARN_ABOUT_RETURN_TYPE = YES_ERROR;
				GCC_WARN_UNDECLARED_SELECTOR = YES;
				GCC_WARN_UNINITIALIZED_AUTOS = YES_AGGRESSIVE;
				GCC_WARN_UNUSED_FUNCTION = YES;
				GCC_WARN_UNUSED_VARIABLE = YES;
				IPHONEOS_DEPLOYMENT_TARGET = 11.0;
				MTL_ENABLE_DEBUG_INFO = NO;
				SDKROOT = iphoneos;
				SWIFT_OPTIMIZATION_LEVEL = "-Owholemodule";
				VALIDATE_PRODUCT = YES;
			};
			name = Release;
		};
		9CF4CFB91F952475002E5EE8 /* Debug */ = {
			isa = XCBuildConfiguration;
			buildSettings = {
				ASSETCATALOG_COMPILER_APPICON_NAME = AppIcon;
				CODE_SIGN_STYLE = Automatic;
				INFOPLIST_FILE = VK/Info.plist;
				LD_RUNPATH_SEARCH_PATHS = "$(inherited) @executable_path/Frameworks";
				PRODUCT_BUNDLE_IDENTIFIER = home.VK;
				PRODUCT_NAME = "$(TARGET_NAME)";
				SWIFT_VERSION = 4.0;
				TARGETED_DEVICE_FAMILY = "1,2";
			};
			name = Debug;
		};
		9CF4CFBA1F952475002E5EE8 /* Release */ = {
			isa = XCBuildConfiguration;
			buildSettings = {
				ASSETCATALOG_COMPILER_APPICON_NAME = AppIcon;
				CODE_SIGN_STYLE = Automatic;
				INFOPLIST_FILE = VK/Info.plist;
				LD_RUNPATH_SEARCH_PATHS = "$(inherited) @executable_path/Frameworks";
				PRODUCT_BUNDLE_IDENTIFIER = home.VK;
				PRODUCT_NAME = "$(TARGET_NAME)";
				SWIFT_VERSION = 4.0;
				TARGETED_DEVICE_FAMILY = "1,2";
			};
			name = Release;
		};
		9CF4CFBC1F952475002E5EE8 /* Debug */ = {
			isa = XCBuildConfiguration;
			buildSettings = {
				ALWAYS_EMBED_SWIFT_STANDARD_LIBRARIES = YES;
				BUNDLE_LOADER = "$(TEST_HOST)";
				CODE_SIGN_STYLE = Automatic;
				INFOPLIST_FILE = VKTests/Info.plist;
				LD_RUNPATH_SEARCH_PATHS = "$(inherited) @executable_path/Frameworks @loader_path/Frameworks";
				PRODUCT_BUNDLE_IDENTIFIER = home.VKTests;
				PRODUCT_NAME = "$(TARGET_NAME)";
				SWIFT_VERSION = 4.0;
				TARGETED_DEVICE_FAMILY = "1,2";
				TEST_HOST = "$(BUILT_PRODUCTS_DIR)/VK_NikitaBokov.app/VK_NikitaBokov";
			};
			name = Debug;
		};
		9CF4CFBD1F952475002E5EE8 /* Release */ = {
			isa = XCBuildConfiguration;
			buildSettings = {
				ALWAYS_EMBED_SWIFT_STANDARD_LIBRARIES = YES;
				BUNDLE_LOADER = "$(TEST_HOST)";
				CODE_SIGN_STYLE = Automatic;
				INFOPLIST_FILE = VKTests/Info.plist;
				LD_RUNPATH_SEARCH_PATHS = "$(inherited) @executable_path/Frameworks @loader_path/Frameworks";
				PRODUCT_BUNDLE_IDENTIFIER = home.VKTests;
				PRODUCT_NAME = "$(TARGET_NAME)";
				SWIFT_VERSION = 4.0;
				TARGETED_DEVICE_FAMILY = "1,2";
				TEST_HOST = "$(BUILT_PRODUCTS_DIR)/VK_NikitaBokov.app/VK_NikitaBokov";
			};
			name = Release;
		};
		9CF4CFBF1F952475002E5EE8 /* Debug */ = {
			isa = XCBuildConfiguration;
			buildSettings = {
				ALWAYS_EMBED_SWIFT_STANDARD_LIBRARIES = YES;
				CODE_SIGN_STYLE = Automatic;
				INFOPLIST_FILE = VKUITests/Info.plist;
				LD_RUNPATH_SEARCH_PATHS = "$(inherited) @executable_path/Frameworks @loader_path/Frameworks";
				PRODUCT_BUNDLE_IDENTIFIER = home.VKUITests;
				PRODUCT_NAME = "$(TARGET_NAME)";
				SWIFT_VERSION = 4.0;
				TARGETED_DEVICE_FAMILY = "1,2";
				TEST_TARGET_NAME = VK;
			};
			name = Debug;
		};
		9CF4CFC01F952475002E5EE8 /* Release */ = {
			isa = XCBuildConfiguration;
			buildSettings = {
				ALWAYS_EMBED_SWIFT_STANDARD_LIBRARIES = YES;
				CODE_SIGN_STYLE = Automatic;
				INFOPLIST_FILE = VKUITests/Info.plist;
				LD_RUNPATH_SEARCH_PATHS = "$(inherited) @executable_path/Frameworks @loader_path/Frameworks";
				PRODUCT_BUNDLE_IDENTIFIER = home.VKUITests;
				PRODUCT_NAME = "$(TARGET_NAME)";
				SWIFT_VERSION = 4.0;
				TARGETED_DEVICE_FAMILY = "1,2";
				TEST_TARGET_NAME = VK;
			};
			name = Release;
		};
/* End XCBuildConfiguration section */

/* Begin XCConfigurationList section */
		9CF4CF8B1F952475002E5EE8 /* Build configuration list for PBXProject "VK_NikitaBokov" */ = {
			isa = XCConfigurationList;
			buildConfigurations = (
				9CF4CFB61F952475002E5EE8 /* Debug */,
				9CF4CFB71F952475002E5EE8 /* Release */,
			);
			defaultConfigurationIsVisible = 0;
			defaultConfigurationName = Release;
		};
		9CF4CFB81F952475002E5EE8 /* Build configuration list for PBXNativeTarget "VK_NikitaBokov" */ = {
			isa = XCConfigurationList;
			buildConfigurations = (
				9CF4CFB91F952475002E5EE8 /* Debug */,
				9CF4CFBA1F952475002E5EE8 /* Release */,
			);
			defaultConfigurationIsVisible = 0;
			defaultConfigurationName = Release;
		};
		9CF4CFBB1F952475002E5EE8 /* Build configuration list for PBXNativeTarget "VK_NikitaBokovTests" */ = {
			isa = XCConfigurationList;
			buildConfigurations = (
				9CF4CFBC1F952475002E5EE8 /* Debug */,
				9CF4CFBD1F952475002E5EE8 /* Release */,
			);
			defaultConfigurationIsVisible = 0;
			defaultConfigurationName = Release;
		};
		9CF4CFBE1F952475002E5EE8 /* Build configuration list for PBXNativeTarget "VK_NikitaBokovUITests" */ = {
			isa = XCConfigurationList;
			buildConfigurations = (
				9CF4CFBF1F952475002E5EE8 /* Debug */,
				9CF4CFC01F952475002E5EE8 /* Release */,
			);
			defaultConfigurationIsVisible = 0;
			defaultConfigurationName = Release;
		};
/* End XCConfigurationList section */
	};
	rootObject = 9CF4CF881F952475002E5EE8 /* Project object */;
}
